PODS:
  - device_info_plus (0.0.1):
    - Flutter
  - Flutter (1.0.0)
  - mobile_scanner (7.0.0):
    - Flutter
    - FlutterMacOS
  - path_provider_foundation (0.0.1):
    - Flutter
    - FlutterMacOS
  - permission_handler_apple (9.3.0):
    - Flutter
  - shared_preferences_foundation (0.0.1):
    - Flutter
    - FlutterMacOS

DEPENDENCIES:
  - device_info_plus (from `.symlinks/plugins/device_info_plus/ios`)
  - Flutter (from `Flutter`)
  - mobile_scanner (from `.symlinks/plugins/mobile_scanner/darwin`)
  - path_provider_foundation (from `.symlinks/plugins/path_provider_foundation/darwin`)
  - permission_handler_apple (from `.symlinks/plugins/permission_handler_apple/ios`)
  - shared_preferences_foundation (from `.symlinks/plugins/shared_preferences_foundation/darwin`)

EXTERNAL SOURCES:
  device_info_plus:
    :path: ".symlinks/plugins/device_info_plus/ios"
  Flutter:
    :path: Flutter
  mobile_scanner:
    :path: ".symlinks/plugins/mobile_scanner/darwin"
  path_provider_foundation:
    :path: ".symlinks/plugins/path_provider_foundation/darwin"
  permission_handler_apple:
    :path: ".symlinks/plugins/permission_handler_apple/ios"
  shared_preferences_foundation:
    :path: ".symlinks/plugins/shared_preferences_foundation/darwin"

SPEC CHECKSUMS:
  device_info_plus: c6fb39579d0f423935b0c9ce7ee2f44b71b9fce6
  Flutter: cabc95a1d2626b1b06e7179b784ebcf0c0cde467
  mobile_scanner: 77265f3dc8d580810e91849d4a0811a90467ed5e
  path_provider_foundation: 0b743cbb62d8e47eab856f09262bb8c1ddcfe6ba
  permission_handler_apple: 9878588469a2b0d0fc1e048d9f43605f92e6cec2
  shared_preferences_foundation: 5086985c1d43c5ba4d5e69a4e8083a389e2909e6

PODFILE CHECKSUM: d7aee3343aadb7e10b9e7e74592e8ced4d0eb1ee

COCOAPODS: 1.16.2
